
Microsoft Visual Studio Solution File, Format Version 12.00
# Visual Studio 2013
VisualStudioVersion = 12.0.31101.0
MinimumVisualStudioVersion = 10.0.40219.1
Project("{FAE04EC0-301F-11D3-BF4B-00C04F79EFBC}") = "AccesoDatos", "AccesoDatos\AccesoDatos.csproj", "{694B5567-C7D3-4992-A013-4FAFE66C88A6}"
EndProject
Project("{FAE04EC0-301F-11D3-BF4B-00C04F79EFBC}") = "Negocio", "Negocio\Negocio.csproj", "{E8236B74-95BD-4B35-BBB3-797CDAB6337C}"
EndProject
Project("{FAE04EC0-301F-11D3-BF4B-00C04F79EFBC}") = "Entidad", "Entidad\Entidad.csproj", "{ED2FF11A-42B5-47FD-B4A2-999DEFE90105}"
EndProject
Project("{FAE04EC0-301F-11D3-BF4B-00C04F79EFBC}") = "Vista", "Vista\Vista.csproj", "{0C27A9F4-C695-47AB-AFD1-751BE76DE99A}"
EndProject
Project("{FAE04EC0-301F-11D3-BF4B-00C04F79EFBC}") = "Base", "Base\Base.csproj", "{E4E7F4B0-A3DB-47C3-A450-6050C04CA66B}"
EndProject
Project("{FAE04EC0-301F-11D3-BF4B-00C04F79EFBC}") = "WindowsFormsApplication1", "WindowsFormsApplication1\WindowsFormsApplication1.csproj", "{616C8D16-C8D6-4967-A5AD-F0BA8892747E}"
EndProject
Global
	GlobalSection(SolutionConfigurationPlatforms) = preSolution
		Debug|Any CPU = Debug|Any CPU
		Release|Any CPU = Release|Any CPU
	EndGlobalSection
	GlobalSection(ProjectConfigurationPlatforms) = postSolution
		{694B5567-C7D3-4992-A013-4FAFE66C88A6}.Debug|Any CPU.ActiveCfg = Debug|Any CPU
		{694B5567-C7D3-4992-A013-4FAFE66C88A6}.Debug|Any CPU.Build.0 = Debug|Any CPU
		{694B5567-C7D3-4992-A013-4FAFE66C88A6}.Release|Any CPU.ActiveCfg = Release|Any CPU
		{694B5567-C7D3-4992-A013-4FAFE66C88A6}.Release|Any CPU.Build.0 = Release|Any CPU
		{E8236B74-95BD-4B35-BBB3-797CDAB6337C}.Debug|Any CPU.ActiveCfg = Debug|Any CPU
		{E8236B74-95BD-4B35-BBB3-797CDAB6337C}.Debug|Any CPU.Build.0 = Debug|Any CPU
		{E8236B74-95BD-4B35-BBB3-797CDAB6337C}.Release|Any CPU.ActiveCfg = Release|Any CPU
		{E8236B74-95BD-4B35-BBB3-797CDAB6337C}.Release|Any CPU.Build.0 = Release|Any CPU
		{ED2FF11A-42B5-47FD-B4A2-999DEFE90105}.Debug|Any CPU.ActiveCfg = Debug|Any CPU
		{ED2FF11A-42B5-47FD-B4A2-999DEFE90105}.Debug|Any CPU.Build.0 = Debug|Any CPU
		{ED2FF11A-42B5-47FD-B4A2-999DEFE90105}.Release|Any CPU.ActiveCfg = Release|Any CPU
		{ED2FF11A-42B5-47FD-B4A2-999DEFE90105}.Release|Any CPU.Build.0 = Release|Any CPU
		{0C27A9F4-C695-47AB-AFD1-751BE76DE99A}.Debug|Any CPU.ActiveCfg = Debug|Any CPU
		{0C27A9F4-C695-47AB-AFD1-751BE76DE99A}.Debug|Any CPU.Build.0 = Debug|Any CPU
		{0C27A9F4-C695-47AB-AFD1-751BE76DE99A}.Release|Any CPU.ActiveCfg = Release|Any CPU
		{0C27A9F4-C695-47AB-AFD1-751BE76DE99A}.Release|Any CPU.Build.0 = Release|Any CPU
		{E4E7F4B0-A3DB-47C3-A450-6050C04CA66B}.Debug|Any CPU.ActiveCfg = Debug|Any CPU
		{E4E7F4B0-A3DB-47C3-A450-6050C04CA66B}.Debug|Any CPU.Build.0 = Debug|Any CPU
		{E4E7F4B0-A3DB-47C3-A450-6050C04CA66B}.Release|Any CPU.ActiveCfg = Release|Any CPU
		{E4E7F4B0-A3DB-47C3-A450-6050C04CA66B}.Release|Any CPU.Build.0 = Release|Any CPU
		{616C8D16-C8D6-4967-A5AD-F0BA8892747E}.Debug|Any CPU.ActiveCfg = Debug|Any CPU
		{616C8D16-C8D6-4967-A5AD-F0BA8892747E}.Debug|Any CPU.Build.0 = Debug|Any CPU
		{616C8D16-C8D6-4967-A5AD-F0BA8892747E}.Release|Any CPU.ActiveCfg = Release|Any CPU
		{616C8D16-C8D6-4967-A5AD-F0BA8892747E}.Release|Any CPU.Build.0 = Release|Any CPU
	EndGlobalSection
	GlobalSection(SolutionProperties) = preSolution
		HideSolutionNode = FALSE
	EndGlobalSection
EndGlobal
